
Microsoft Visual Studio Solution File, Format Version 12.00
# Visual Studio Version 17
VisualStudioVersion = 17.0.31903.59
MinimumVisualStudioVersion = 10.0.40219.1
Project("{FAE04EC0-301F-11D3-BF4B-00C04F79EFBC}") = "AuroraArc.Web", "AuroraArc.Web\AuroraArc.Web.csproj", "{101E4585-676B-4FC7-9D5D-79FD1CF57BDF}"
EndProject
Project("{FAE04EC0-301F-11D3-BF4B-00C04F79EFBC}") = "AuroraArc.Core", "AuroraArc.Core\AuroraArc.Core.csproj", "{59FD0382-AA7C-43CB-BB86-A1B9F3DCCA5E}"
EndProject
Project("{2150E333-8FDC-42A3-9474-1A3956D46DE8}") = "AuroraArc.Frontend", "AuroraArc.Frontend", "{A7B2F3E1-4D5C-6E7F-8A9B-0C1D2E3F4A5B}"
	ProjectSection(SolutionItems) = preProject
		AuroraArc.Frontend\nuxt.config.ts = AuroraArc.Frontend\nuxt.config.ts
		AuroraArc.Frontend\package.json = AuroraArc.Frontend\package.json
		AuroraArc.Frontend\tsconfig.json = AuroraArc.Frontend\tsconfig.json
	EndProjectSection
EndProject
Global
	GlobalSection(SolutionConfigurationPlatforms) = preSolution
		Debug|Any CPU = Debug|Any CPU
		Release|Any CPU = Release|Any CPU
	EndGlobalSection
	GlobalSection(SolutionProperties) = preSolution
		HideSolutionNode = FALSE
	EndGlobalSection
	GlobalSection(ProjectConfigurationPlatforms) = postSolution
		{101E4585-676B-4FC7-9D5D-79FD1CF57BDF}.Debug|Any CPU.ActiveCfg = Debug|Any CPU
		{101E4585-676B-4FC7-9D5D-79FD1CF57BDF}.Debug|Any CPU.Build.0 = Debug|Any CPU
		{101E4585-676B-4FC7-9D5D-79FD1CF57BDF}.Release|Any CPU.ActiveCfg = Release|Any CPU
		{101E4585-676B-4FC7-9D5D-79FD1CF57BDF}.Release|Any CPU.Build.0 = Release|Any CPU
		{59FD0382-AA7C-43CB-BB86-A1B9F3DCCA5E}.Debug|Any CPU.ActiveCfg = Debug|Any CPU
		{59FD0382-AA7C-43CB-BB86-A1B9F3DCCA5E}.Debug|Any CPU.Build.0 = Debug|Any CPU
		{59FD0382-AA7C-43CB-BB86-A1B9F3DCCA5E}.Release|Any CPU.ActiveCfg = Release|Any CPU
		{59FD0382-AA7C-43CB-BB86-A1B9F3DCCA5E}.Release|Any CPU.Build.0 = Release|Any CPU
	EndGlobalSection
EndGlobal
